
Microsoft Visual Studio Solution File, Format Version 12.00
# Visual Studio Version 16
VisualStudioVersion = 16.0.29102.190
MinimumVisualStudioVersion = 10.0.40219.1
Project("{FAE04EC0-301F-11D3-BF4B-00C04F79EFBC}") = "WpfAsyncTest", "WpfAsyncTest\WpfAsyncTest.csproj", "{636CE6B0-1CA1-4AFC-B812-B4BB6B812BBD}"
EndProject
Global
	GlobalSection(SolutionConfigurationPlatforms) = preSolution
		Debug|Any CPU = Debug|Any CPU
		Release|Any CPU = Release|Any CPU
	EndGlobalSection
	GlobalSection(ProjectConfigurationPlatforms) = postSolution
		{636CE6B0-1CA1-4AFC-B812-B4BB6B812BBD}.Debug|Any CPU.ActiveCfg = Debug|Any CPU
		{636CE6B0-1CA1-4AFC-B812-B4BB6B812BBD}.Debug|Any CPU.Build.0 = Debug|Any CPU
		{636CE6B0-1CA1-4AFC-B812-B4BB6B812BBD}.Release|Any CPU.ActiveCfg = Release|Any CPU
		{636CE6B0-1CA1-4AFC-B812-B4BB6B812BBD}.Release|Any CPU.Build.0 = Release|Any CPU
	EndGlobalSection
	GlobalSection(SolutionProperties) = preSolution
		HideSolutionNode = FALSE
	EndGlobalSection
	GlobalSection(ExtensibilityGlobals) = postSolution
		SolutionGuid = {9003F4C3-EEDB-4376-A217-420C9110A74D}
	EndGlobalSection
EndGlobal
